PODS:
  - EZSwiftExtensions (1.12)
  - KeychainSwift (12.0.0)
  - ReachabilitySwift (4.3.0)
  - Sentry (4.1.0):
    - Sentry/Core (= 4.1.0)
  - Sentry/Core (4.1.0)
  - SwiftyJSON (4.2.0)

DEPENDENCIES:
  - EZSwiftExtensions (from `https://github.com/shanyanhai/EZSwiftExtensions.git`, branch `Swift4.2`)
  - KeychainSwift (~> 12.0)
  - ReachabilitySwift
  - Sentry (from `https://github.com/getsentry/sentry-cocoa.git`, tag `4.1.0`)
  - SwiftyJSON (~> 4.0)

SPEC REPOS:
  https://github.com/cocoapods/specs.git:
    - KeychainSwift
    - ReachabilitySwift
    - SwiftyJSON

EXTERNAL SOURCES:
  EZSwiftExtensions:
    :branch: Swift4.2
    :git: https://github.com/shanyanhai/EZSwiftExtensions.git
  Sentry:
    :git: https://github.com/getsentry/sentry-cocoa.git
    :tag: 4.1.0

CHECKOUT OPTIONS:
  EZSwiftExtensions:
    :commit: 05b857634d3a0938abe1c2652018f5eafc7787e1
    :git: https://github.com/shanyanhai/EZSwiftExtensions.git
  Sentry:
    :git: https://github.com/getsentry/sentry-cocoa.git
    :tag: 4.1.0

SPEC CHECKSUMS:
  EZSwiftExtensions: ed067bc8f5a25be070a6d763066e8177e1ba0b7b
  KeychainSwift: d5e776578587ee5958ce36601df22f168f65138a
  ReachabilitySwift: 408477d1b6ed9779dba301953171e017c31241f3
  Sentry: 44b85e768f435ede4d12ea279af588ff275c3939
  SwiftyJSON: c4bcba26dd9ec7a027fc8eade48e2c911f229e96

PODFILE CHECKSUM: ee59a519898f1489515f1b55412a6ab60ebe5631

COCOAPODS: 1.5.3
